
Microsoft Visual Studio Solution File, Format Version 12.00
# Visual Studio Version 16
VisualStudioVersion = 16.0.29521.150
MinimumVisualStudioVersion = 10.0.40219.1
Project("{9A19103F-16F7-4668-BE54-9A1E7A4F7556}") = "Fydar.Vox.VoxFiles", "Fydar.Vox.VoxFiles\Fydar.Vox.VoxFiles.csproj", "{78411C9E-8141-4E80-9BB3-8CDE5C971B76}"
EndProject
Project("{9A19103F-16F7-4668-BE54-9A1E7A4F7556}") = "Fydar.Vox.ConsoleDemo", "Fydar.Vox.ConsoleDemo\Fydar.Vox.ConsoleDemo.csproj", "{6982F994-3A27-445A-9090-411478E19DCC}"
EndProject
Project("{9A19103F-16F7-4668-BE54-9A1E7A4F7556}") = "Fydar.Vox.Meshing", "Fydar.Vox.Meshing\Fydar.Vox.Meshing.csproj", "{446BAB30-25C1-4E94-8D2F-717A932CE33C}"
EndProject
Project("{9A19103F-16F7-4668-BE54-9A1E7A4F7556}") = "Fydar.Vox.Models", "Fydar.Vox.Models\Fydar.Vox.Models.csproj", "{93934E82-CDF1-4426-BC19-109953902FCE}"
EndProject
Project("{9A19103F-16F7-4668-BE54-9A1E7A4F7556}") = "Fydar.Vox.Meshing.UnitTests", "Fydar.Vox.Meshing.UnitTests\Fydar.Vox.Meshing.UnitTests.csproj", "{73F4FE98-C881-42C7-9267-F450579D1BC6}"
EndProject
Project("{9A19103F-16F7-4668-BE54-9A1E7A4F7556}") = "Fydar.Vox.WebDemo", "Fydar.Vox.WebDemo\Fydar.Vox.WebDemo.csproj", "{580C0122-27FE-4163-84E3-4FCFF48F1DC2}"
EndProject
Project("{9A19103F-16F7-4668-BE54-9A1E7A4F7556}") = "Fydar.Vox.Meshing.Benchmarks", "Fydar.Vox.Meshing.Benchmarks\Fydar.Vox.Meshing.Benchmarks.csproj", "{908D8D6D-35F9-460E-B200-AFD46E714117}"
EndProject
Global
	GlobalSection(SolutionConfigurationPlatforms) = preSolution
		Debug|Any CPU = Debug|Any CPU
		Release|Any CPU = Release|Any CPU
	EndGlobalSection
	GlobalSection(ProjectConfigurationPlatforms) = postSolution
		{78411C9E-8141-4E80-9BB3-8CDE5C971B76}.Debug|Any CPU.ActiveCfg = Debug|Any CPU
		{78411C9E-8141-4E80-9BB3-8CDE5C971B76}.Debug|Any CPU.Build.0 = Debug|Any CPU
		{78411C9E-8141-4E80-9BB3-8CDE5C971B76}.Release|Any CPU.ActiveCfg = Release|Any CPU
		{78411C9E-8141-4E80-9BB3-8CDE5C971B76}.Release|Any CPU.Build.0 = Release|Any CPU
		{6982F994-3A27-445A-9090-411478E19DCC}.Debug|Any CPU.ActiveCfg = Debug|Any CPU
		{6982F994-3A27-445A-9090-411478E19DCC}.Debug|Any CPU.Build.0 = Debug|Any CPU
		{6982F994-3A27-445A-9090-411478E19DCC}.Release|Any CPU.ActiveCfg = Release|Any CPU
		{6982F994-3A27-445A-9090-411478E19DCC}.Release|Any CPU.Build.0 = Release|Any CPU
		{446BAB30-25C1-4E94-8D2F-717A932CE33C}.Debug|Any CPU.ActiveCfg = Debug|Any CPU
		{446BAB30-25C1-4E94-8D2F-717A932CE33C}.Debug|Any CPU.Build.0 = Debug|Any CPU
		{446BAB30-25C1-4E94-8D2F-717A932CE33C}.Release|Any CPU.ActiveCfg = Release|Any CPU
		{446BAB30-25C1-4E94-8D2F-717A932CE33C}.Release|Any CPU.Build.0 = Release|Any CPU
		{93934E82-CDF1-4426-BC19-109953902FCE}.Debug|Any CPU.ActiveCfg = Debug|Any CPU
		{93934E82-CDF1-4426-BC19-109953902FCE}.Debug|Any CPU.Build.0 = Debug|Any CPU
		{93934E82-CDF1-4426-BC19-109953902FCE}.Release|Any CPU.ActiveCfg = Release|Any CPU
		{93934E82-CDF1-4426-BC19-109953902FCE}.Release|Any CPU.Build.0 = Release|Any CPU
		{73F4FE98-C881-42C7-9267-F450579D1BC6}.Debug|Any CPU.ActiveCfg = Debug|Any CPU
		{73F4FE98-C881-42C7-9267-F450579D1BC6}.Debug|Any CPU.Build.0 = Debug|Any CPU
		{73F4FE98-C881-42C7-9267-F450579D1BC6}.Release|Any CPU.ActiveCfg = Release|Any CPU
		{73F4FE98-C881-42C7-9267-F450579D1BC6}.Release|Any CPU.Build.0 = Release|Any CPU
		{580C0122-27FE-4163-84E3-4FCFF48F1DC2}.Debug|Any CPU.ActiveCfg = Debug|Any CPU
		{580C0122-27FE-4163-84E3-4FCFF48F1DC2}.Debug|Any CPU.Build.0 = Debug|Any CPU
		{580C0122-27FE-4163-84E3-4FCFF48F1DC2}.Release|Any CPU.ActiveCfg = Release|Any CPU
		{580C0122-27FE-4163-84E3-4FCFF48F1DC2}.Release|Any CPU.Build.0 = Release|Any CPU
		{908D8D6D-35F9-460E-B200-AFD46E714117}.Debug|Any CPU.ActiveCfg = Debug|Any CPU
		{908D8D6D-35F9-460E-B200-AFD46E714117}.Debug|Any CPU.Build.0 = Debug|Any CPU
		{908D8D6D-35F9-460E-B200-AFD46E714117}.Release|Any CPU.ActiveCfg = Release|Any CPU
		{908D8D6D-35F9-460E-B200-AFD46E714117}.Release|Any CPU.Build.0 = Release|Any CPU
	EndGlobalSection
	GlobalSection(SolutionProperties) = preSolution
		HideSolutionNode = FALSE
	EndGlobalSection
	GlobalSection(ExtensibilityGlobals) = postSolution
		SolutionGuid = {16DA6F27-EEA2-4C22-8BF7-EB1F91212889}
	EndGlobalSection
EndGlobal
